
Microsoft Visual Studio Solution File, Format Version 12.00
# Visual Studio Version 17
VisualStudioVersion = 17.9.34723.18
MinimumVisualStudioVersion = 10.0.40219.1
Project("{FAE04EC0-301F-11D3-BF4B-00C04F79EFBC}") = "StudentAdminPortal", "StudentAdminPortal\StudentAdminPortal.csproj", "{B1200C05-CCFB-4C7C-A5A1-75A111FE5EB2}"
EndProject
Global
	GlobalSection(SolutionConfigurationPlatforms) = preSolution
		Debug|Any CPU = Debug|Any CPU
		Release|Any CPU = Release|Any CPU
	EndGlobalSection
	GlobalSection(ProjectConfigurationPlatforms) = postSolution
		{B1200C05-CCFB-4C7C-A5A1-75A111FE5EB2}.Debug|Any CPU.ActiveCfg = Debug|Any CPU
		{B1200C05-CCFB-4C7C-A5A1-75A111FE5EB2}.Debug|Any CPU.Build.0 = Debug|Any CPU
		{B1200C05-CCFB-4C7C-A5A1-75A111FE5EB2}.Release|Any CPU.ActiveCfg = Release|Any CPU
		{B1200C05-CCFB-4C7C-A5A1-75A111FE5EB2}.Release|Any CPU.Build.0 = Release|Any CPU
	EndGlobalSection
	GlobalSection(SolutionProperties) = preSolution
		HideSolutionNode = FALSE
	EndGlobalSection
	GlobalSection(ExtensibilityGlobals) = postSolution
		SolutionGuid = {6A791D91-7A58-49AC-B442-91A962814F44}
	EndGlobalSection
EndGlobal
